// !$*UTF8*$!
{
	archiveVersion = 1;
	classes = {
	};
	objectVersion = 48;
	objects = {

/* Begin PBXBuildFile section */
		841885CE1F2329210080AB61 /* Double+Extensions.swift in Sources */ = {isa = PBXBuildFile; fileRef = 841885C71F2329210080AB61 /* Double+Extensions.swift */; };
		841885CF1F2329210080AB61 /* Float+Extensions.swift in Sources */ = {isa = PBXBuildFile; fileRef = 841885C81F2329210080AB61 /* Float+Extensions.swift */; };
		841885D01F2329210080AB61 /* GameHelper.swift in Sources */ = {isa = PBXBuildFile; fileRef = 841885C91F2329210080AB61 /* GameHelper.swift */; };
		841885D11F2329210080AB61 /* Generics.swift in Sources */ = {isa = PBXBuildFile; fileRef = 841885CA1F2329210080AB61 /* Generics.swift */; };
		841885D21F2329210080AB61 /* Int+Extensions.swift in Sources */ = {isa = PBXBuildFile; fileRef = 841885CB1F2329210080AB61 /* Int+Extensions.swift */; };
		841885D31F2329210080AB61 /* SCNAction+Extensions.swift in Sources */ = {isa = PBXBuildFile; fileRef = 841885CC1F2329210080AB61 /* SCNAction+Extensions.swift */; };
		841885D41F2329210080AB61 /* UIColor+Extensions.swift in Sources */ = {isa = PBXBuildFile; fileRef = 841885CD1F2329210080AB61 /* UIColor+Extensions.swift */; };
		84288A371F237AF9000B1F16 /* Trail.scnp in Resources */ = {isa = PBXBuildFile; fileRef = 84288A351F237AF9000B1F16 /* Trail.scnp */; };
		84288A381F237AF9000B1F16 /* spark.png in Resources */ = {isa = PBXBuildFile; fileRef = 84288A361F237AF9000B1F16 /* spark.png */; };
		84D7149B1F230C60002E2B25 /* AppDelegate.swift in Sources */ = {isa = PBXBuildFile; fileRef = 84D7149A1F230C60002E2B25 /* AppDelegate.swift */; };
		84D7149F1F230C61002E2B25 /* GameViewController.swift in Sources */ = {isa = PBXBuildFile; fileRef = 84D7149E1F230C61002E2B25 /* GameViewController.swift */; };
		84D714A21F230C61002E2B25 /* Main.storyboard in Resources */ = {isa = PBXBuildFile; fileRef = 84D714A01F230C61002E2B25 /* Main.storyboard */; };
		84D714A41F230C61002E2B25 /* Assets.xcassets in Resources */ = {isa = PBXBuildFile; fileRef = 84D714A31F230C61002E2B25 /* Assets.xcassets */; };
		84D714A71F230C61002E2B25 /* LaunchScreen.storyboard in Resources */ = {isa = PBXBuildFile; fileRef = 84D714A51F230C61002E2B25 /* LaunchScreen.storyboard */; };
		84D714B11F2312C8002E2B25 /* GeometryFighter.scnassets in Resources */ = {isa = PBXBuildFile; fileRef = 84D714B01F2312C8002E2B25 /* GeometryFighter.scnassets */; };
		84D714B31F231820002E2B25 /* ShapeType.swift in Sources */ = {isa = PBXBuildFile; fileRef = 84D714B21F231820002E2B25 /* ShapeType.swift */; };
		84F5082B1F23904000A5073E /* Explode.scnp in Resources */ = {isa = PBXBuildFile; fileRef = 84F5082A1F23904000A5073E /* Explode.scnp */; };
/* End PBXBuildFile section */

/* Begin PBXFileReference section */
		841885C71F2329210080AB61 /* Double+Extensions.swift */ = {isa = PBXFileReference; fileEncoding = 4; lastKnownFileType = sourcecode.swift; path = "Double+Extensions.swift"; sourceTree = "<group>"; };
		841885C81F2329210080AB61 /* Float+Extensions.swift */ = {isa = PBXFileReference; fileEncoding = 4; lastKnownFileType = sourcecode.swift; path = "Float+Extensions.swift"; sourceTree = "<group>"; };
		841885C91F2329210080AB61 /* GameHelper.swift */ = {isa = PBXFileReference; fileEncoding = 4; lastKnownFileType = sourcecode.swift; path = GameHelper.swift; sourceTree = "<group>"; };
		841885CA1F2329210080AB61 /* Generics.swift */ = {isa = PBXFileReference; fileEncoding = 4; lastKnownFileType = sourcecode.swift; path = Generics.swift; sourceTree = "<group>"; };
		841885CB1F2329210080AB61 /* Int+Extensions.swift */ = {isa = PBXFileReference; fileEncoding = 4; lastKnownFileType = sourcecode.swift; path = "Int+Extensions.swift"; sourceTree = "<group>"; };
		841885CC1F2329210080AB61 /* SCNAction+Extensions.swift */ = {isa = PBXFileReference; fileEncoding = 4; lastKnownFileType = sourcecode.swift; path = "SCNAction+Extensions.swift"; sourceTree = "<group>"; };
		841885CD1F2329210080AB61 /* UIColor+Extensions.swift */ = {isa = PBXFileReference; fileEncoding = 4; lastKnownFileType = sourcecode.swift; path = "UIColor+Extensions.swift"; sourceTree = "<group>"; };
		84288A351F237AF9000B1F16 /* Trail.scnp */ = {isa = PBXFileReference; lastKnownFileType = file.scp; path = Trail.scnp; sourceTree = "<group>"; };
		84288A361F237AF9000B1F16 /* spark.png */ = {isa = PBXFileReference; lastKnownFileType = image.png; path = spark.png; sourceTree = "<group>"; };
		84D714971F230C60002E2B25 /* SceneKitBook.app */ = {isa = PBXFileReference; explicitFileType = wrapper.application; includeInIndex = 0; path = SceneKitBook.app; sourceTree = BUILT_PRODUCTS_DIR; };
		84D7149A1F230C60002E2B25 /* AppDelegate.swift */ = {isa = PBXFileReference; lastKnownFileType = sourcecode.swift; path = AppDelegate.swift; sourceTree = "<group>"; };
		84D7149E1F230C61002E2B25 /* GameViewController.swift */ = {isa = PBXFileReference; lastKnownFileType = sourcecode.swift; path = GameViewController.swift; sourceTree = "<group>"; };
		84D714A11F230C61002E2B25 /* Base */ = {isa = PBXFileReference; lastKnownFileType = file.storyboard; name = Base; path = Base.lproj/Main.storyboard; sourceTree = "<group>"; };
		84D714A31F230C61002E2B25 /* Assets.xcassets */ = {isa = PBXFileReference; lastKnownFileType = folder.assetcatalog; path = Assets.xcassets; sourceTree = "<group>"; };
		84D714A61F230C61002E2B25 /* Base */ = {isa = PBXFileReference; lastKnownFileType = file.storyboard; name = Base; path = Base.lproj/LaunchScreen.storyboard; sourceTree = "<group>"; };
		84D714A81F230C61002E2B25 /* Info.plist */ = {isa = PBXFileReference; lastKnownFileType = text.plist.xml; path = Info.plist; sourceTree = "<group>"; };
		84D714B01F2312C8002E2B25 /* GeometryFighter.scnassets */ = {isa = PBXFileReference; lastKnownFileType = wrapper.scnassets; name = GeometryFighter.scnassets; path = "../../../Books/3D Apple Games by Tutorials/Source/02-nodes/starter/resources/GeometryFighter.scnassets"; sourceTree = "<group>"; };
		84D714B21F231820002E2B25 /* ShapeType.swift */ = {isa = PBXFileReference; fileEncoding = 4; lastKnownFileType = sourcecode.swift; name = ShapeType.swift; path = "../../../Books/3D Apple Games by Tutorials/Source/02-nodes/final/GeometryFighter/GeometryFighter/ShapeType.swift"; sourceTree = "<group>"; };
		84F5082A1F23904000A5073E /* Explode.scnp */ = {isa = PBXFileReference; lastKnownFileType = file.scp; name = Explode.scnp; path = "../../../../Books/3D Apple Games by Tutorials/Source/05-particle-systems/challenge/GeometryFighter/GeometryFighter/Explode.scnp"; sourceTree = "<group>"; };
/* End PBXFileReference section */

/* Begin PBXFrameworksBuildPhase section */
		84D714941F230C60002E2B25 /* Frameworks */ = {
			isa = PBXFrameworksBuildPhase;
			buildActionMask = 2147483647;
			files = (
			);
			runOnlyForDeploymentPostprocessing = 0;
		};
/* End PBXFrameworksBuildPhase section */

/* Begin PBXGroup section */
		841885C61F2329210080AB61 /* GameUtils */ = {
			isa = PBXGroup;
			children = (
				841885C71F2329210080AB61 /* Double+Extensions.swift */,
				841885C81F2329210080AB61 /* Float+Extensions.swift */,
				841885C91F2329210080AB61 /* GameHelper.swift */,
				841885CA1F2329210080AB61 /* Generics.swift */,
				841885CB1F2329210080AB61 /* Int+Extensions.swift */,
				841885CC1F2329210080AB61 /* SCNAction+Extensions.swift */,
				841885CD1F2329210080AB61 /* UIColor+Extensions.swift */,
			);
			name = GameUtils;
			path = "../../../Books/3D Apple Games by Tutorials/Source/03-physics/final/GeometryFighter/GeometryFighter/GameUtils";
			sourceTree = "<group>";
		};
		842729401F2374D300992895 /* Particles */ = {
			isa = PBXGroup;
			children = (
				84F5082A1F23904000A5073E /* Explode.scnp */,
				84288A351F237AF9000B1F16 /* Trail.scnp */,
				84288A361F237AF9000B1F16 /* spark.png */,
			);
			path = Particles;
			sourceTree = "<group>";
		};
		84D7148E1F230C60002E2B25 = {
			isa = PBXGroup;
			children = (
				84D714991F230C60002E2B25 /* SceneKitBook */,
				84D714981F230C60002E2B25 /* Products */,
			);
			sourceTree = "<group>";
		};
		84D714981F230C60002E2B25 /* Products */ = {
			isa = PBXGroup;
			children = (
				84D714971F230C60002E2B25 /* SceneKitBook.app */,
			);
			name = Products;
			sourceTree = "<group>";
		};
		84D714991F230C60002E2B25 /* SceneKitBook */ = {
			isa = PBXGroup;
			children = (
				842729401F2374D300992895 /* Particles */,
				841885C61F2329210080AB61 /* GameUtils */,
				84D7149A1F230C60002E2B25 /* AppDelegate.swift */,
				84D7149E1F230C61002E2B25 /* GameViewController.swift */,
				84D714B21F231820002E2B25 /* ShapeType.swift */,
				84D714A01F230C61002E2B25 /* Main.storyboard */,
				84D714B01F2312C8002E2B25 /* GeometryFighter.scnassets */,
				84D714A31F230C61002E2B25 /* Assets.xcassets */,
				84D714A51F230C61002E2B25 /* LaunchScreen.storyboard */,
				84D714A81F230C61002E2B25 /* Info.plist */,
			);
			path = SceneKitBook;
			sourceTree = "<group>";
		};
/* End PBXGroup section */

/* Begin PBXNativeTarget section */
		84D714961F230C60002E2B25 /* SceneKitBook */ = {
			isa = PBXNativeTarget;
			buildConfigurationList = 84D714AB1F230C61002E2B25 /* Build configuration list for PBXNativeTarget "SceneKitBook" */;
			buildPhases = (
				84D714931F230C60002E2B25 /* Sources */,
				84D714941F230C60002E2B25 /* Frameworks */,
				84D714951F230C60002E2B25 /* Resources */,
			);
			buildRules = (
			);
			dependencies = (
			);
			name = SceneKitBook;
			productName = SceneKitBook;
			productReference = 84D714971F230C60002E2B25 /* SceneKitBook.app */;
			productType = "com.apple.product-type.application";
		};
/* End PBXNativeTarget section */

/* Begin PBXProject section */
		84D7148F1F230C60002E2B25 /* Project object */ = {
			isa = PBXProject;
			attributes = {
				LastSwiftUpdateCheck = 0900;
				LastUpgradeCheck = 0900;
				ORGANIZATIONNAME = "Nikita Ermolenko";
				TargetAttributes = {
					84D714961F230C60002E2B25 = {
						CreatedOnToolsVersion = 9.0;
						ProvisioningStyle = Automatic;
					};
				};
			};
			buildConfigurationList = 84D714921F230C60002E2B25 /* Build configuration list for PBXProject "SceneKitBook" */;
			compatibilityVersion = "Xcode 8.0";
			developmentRegion = en;
			hasScannedForEncodings = 0;
			knownRegions = (
				en,
				Base,
			);
			mainGroup = 84D7148E1F230C60002E2B25;
			productRefGroup = 84D714981F230C60002E2B25 /* Products */;
			projectDirPath = "";
			projectRoot = "";
			targets = (
				84D714961F230C60002E2B25 /* SceneKitBook */,
			);
		};
/* End PBXProject section */

/* Begin PBXResourcesBuildPhase section */
		84D714951F230C60002E2B25 /* Resources */ = {
			isa = PBXResourcesBuildPhase;
			buildActionMask = 2147483647;
			files = (
				84288A371F237AF9000B1F16 /* Trail.scnp in Resources */,
				84288A381F237AF9000B1F16 /* spark.png in Resources */,
				84D714A71F230C61002E2B25 /* LaunchScreen.storyboard in Resources */,
				84D714A41F230C61002E2B25 /* Assets.xcassets in Resources */,
				84D714A21F230C61002E2B25 /* Main.storyboard in Resources */,
				84F5082B1F23904000A5073E /* Explode.scnp in Resources */,
				84D714B11F2312C8002E2B25 /* GeometryFighter.scnassets in Resources */,
			);
			runOnlyForDeploymentPostprocessing = 0;
		};
/* End PBXResourcesBuildPhase section */

/* Begin PBXSourcesBuildPhase section */
		84D714931F230C60002E2B25 /* Sources */ = {
			isa = PBXSourcesBuildPhase;
			buildActionMask = 2147483647;
			files = (
				841885CF1F2329210080AB61 /* Float+Extensions.swift in Sources */,
				841885D41F2329210080AB61 /* UIColor+Extensions.swift in Sources */,
				841885CE1F2329210080AB61 /* Double+Extensions.swift in Sources */,
				841885D31F2329210080AB61 /* SCNAction+Extensions.swift in Sources */,
				841885D11F2329210080AB61 /* Generics.swift in Sources */,
				84D7149F1F230C61002E2B25 /* GameViewController.swift in Sources */,
				84D714B31F231820002E2B25 /* ShapeType.swift in Sources */,
				841885D21F2329210080AB61 /* Int+Extensions.swift in Sources */,
				84D7149B1F230C60002E2B25 /* AppDelegate.swift in Sources */,
				841885D01F2329210080AB61 /* GameHelper.swift in Sources */,
			);
			runOnlyForDeploymentPostprocessing = 0;
		};
/* End PBXSourcesBuildPhase section */

/* Begin PBXVariantGroup section */
		84D714A01F230C61002E2B25 /* Main.storyboard */ = {
			isa = PBXVariantGroup;
			children = (
				84D714A11F230C61002E2B25 /* Base */,
			);
			name = Main.storyboard;
			sourceTree = "<group>";
		};
		84D714A51F230C61002E2B25 /* LaunchScreen.storyboard */ = {
			isa = PBXVariantGroup;
			children = (
				84D714A61F230C61002E2B25 /* Base */,
			);
			name = LaunchScreen.storyboard;
			sourceTree = "<group>";
		};
/* End PBXVariantGroup section */

/* Begin XCBuildConfiguration section */
		84D714A91F230C61002E2B25 /* Debug */ = {
			isa = XCBuildConfiguration;
			buildSettings = {
				ALWAYS_SEARCH_USER_PATHS = NO;
				CLANG_ANALYZER_NONNULL = YES;
				CLANG_ANALYZER_NUMBER_OBJECT_CONVERSION = YES_AGGRESSIVE;
				CLANG_CXX_LANGUAGE_STANDARD = "gnu++14";
				CLANG_CXX_LIBRARY = "libc++";
				CLANG_ENABLE_MODULES = YES;
				CLANG_ENABLE_OBJC_ARC = YES;
				CLANG_WARN_BLOCK_CAPTURE_AUTORELEASING = YES;
				CLANG_WARN_BOOL_CONVERSION = YES;
				CLANG_WARN_COMMA = YES;
				CLANG_WARN_CONSTANT_CONVERSION = YES;
				CLANG_WARN_DIRECT_OBJC_ISA_USAGE = YES_ERROR;
				CLANG_WARN_DOCUMENTATION_COMMENTS = YES;
				CLANG_WARN_EMPTY_BODY = YES;
				CLANG_WARN_ENUM_CONVERSION = YES;
				CLANG_WARN_INFINITE_RECURSION = YES;
				CLANG_WARN_INT_CONVERSION = YES;
				CLANG_WARN_OBJC_ROOT_CLASS = YES_ERROR;
				CLANG_WARN_RANGE_LOOP_ANALYSIS = YES;
				CLANG_WARN_STRICT_PROTOTYPES = YES;
				CLANG_WARN_SUSPICIOUS_MOVE = YES;
				CLANG_WARN_UNGUARDED_AVAILABILITY = YES_AGGRESSIVE;
				CLANG_WARN_UNREACHABLE_CODE = YES;
				CLANG_WARN__DUPLICATE_METHOD_MATCH = YES;
				CODE_SIGN_IDENTITY = "iPhone Developer";
				COPY_PHASE_STRIP = NO;
				DEBUG_INFORMATION_FORMAT = dwarf;
				ENABLE_STRICT_OBJC_MSGSEND = YES;
				ENABLE_TESTABILITY = YES;
				GCC_C_LANGUAGE_STANDARD = gnu11;
				GCC_DYNAMIC_NO_PIC = NO;
				GCC_NO_COMMON_BLOCKS = YES;
				GCC_OPTIMIZATION_LEVEL = 0;
				GCC_PREPROCESSOR_DEFINITIONS = (
					"DEBUG=1",
					"$(inherited)",
				);
				GCC_WARN_64_TO_32_BIT_CONVERSION = YES;
				GCC_WARN_ABOUT_RETURN_TYPE = YES_ERROR;
				GCC_WARN_UNDECLARED_SELECTOR = YES;
				GCC_WARN_UNINITIALIZED_AUTOS = YES_AGGRESSIVE;
				GCC_WARN_UNUSED_FUNCTION = YES;
				GCC_WARN_UNUSED_VARIABLE = YES;
				IPHONEOS_DEPLOYMENT_TARGET = 11.0;
				MTL_ENABLE_DEBUG_INFO = YES;
				ONLY_ACTIVE_ARCH = YES;
				SDKROOT = iphoneos;
				SWIFT_ACTIVE_COMPILATION_CONDITIONS = DEBUG;
				SWIFT_OPTIMIZATION_LEVEL = "-Onone";
			};
			name = Debug;
		};
		84D714AA1F230C61002E2B25 /* Release */ = {
			isa = XCBuildConfiguration;
			buildSettings = {
				ALWAYS_SEARCH_USER_PATHS = NO;
				CLANG_ANALYZER_NONNULL = YES;
				CLANG_ANALYZER_NUMBER_OBJECT_CONVERSION = YES_AGGRESSIVE;
				CLANG_CXX_LANGUAGE_STANDARD = "gnu++14";
				CLANG_CXX_LIBRARY = "libc++";
				CLANG_ENABLE_MODULES = YES;
				CLANG_ENABLE_OBJC_ARC = YES;
				CLANG_WARN_BLOCK_CAPTURE_AUTORELEASING = YES;
				CLANG_WARN_BOOL_CONVERSION = YES;
				CLANG_WARN_COMMA = YES;
				CLANG_WARN_CONSTANT_CONVERSION = YES;
				CLANG_WARN_DIRECT_OBJC_ISA_USAGE = YES_ERROR;
				CLANG_WARN_DOCUMENTATION_COMMENTS = YES;
				CLANG_WARN_EMPTY_BODY = YES;
				CLANG_WARN_ENUM_CONVERSION = YES;
				CLANG_WARN_INFINITE_RECURSION = YES;
				CLANG_WARN_INT_CONVERSION = YES;
				CLANG_WARN_OBJC_ROOT_CLASS = YES_ERROR;
				CLANG_WARN_RANGE_LOOP_ANALYSIS = YES;
				CLANG_WARN_STRICT_PROTOTYPES = YES;
				CLANG_WARN_SUSPICIOUS_MOVE = YES;
				CLANG_WARN_UNGUARDED_AVAILABILITY = YES_AGGRESSIVE;
				CLANG_WARN_UNREACHABLE_CODE = YES;
				CLANG_WARN__DUPLICATE_METHOD_MATCH = YES;
				CODE_SIGN_IDENTITY = "iPhone Developer";
				COPY_PHASE_STRIP = NO;
				DEBUG_INFORMATION_FORMAT = "dwarf-with-dsym";
				ENABLE_NS_ASSERTIONS = NO;
				ENABLE_STRICT_OBJC_MSGSEND = YES;
				GCC_C_LANGUAGE_STANDARD = gnu11;
				GCC_NO_COMMON_BLOCKS = YES;
				GCC_WARN_64_TO_32_BIT_CONVERSION = YES;
				GCC_WARN_ABOUT_RETURN_TYPE = YES_ERROR;
				GCC_WARN_UNDECLARED_SELECTOR = YES;
				GCC_WARN_UNINITIALIZED_AUTOS = YES_AGGRESSIVE;
				GCC_WARN_UNUSED_FUNCTION = YES;
				GCC_WARN_UNUSED_VARIABLE = YES;
				IPHONEOS_DEPLOYMENT_TARGET = 11.0;
				MTL_ENABLE_DEBUG_INFO = NO;
				SDKROOT = iphoneos;
				SWIFT_OPTIMIZATION_LEVEL = "-Owholemodule";
				VALIDATE_PRODUCT = YES;
			};
			name = Release;
		};
		84D714AC1F230C61002E2B25 /* Debug */ = {
			isa = XCBuildConfiguration;
			buildSettings = {
				ASSETCATALOG_COMPILER_APPICON_NAME = AppIcon;
				"CODE_SIGN_IDENTITY[sdk=iphoneos*]" = "iPhone Developer";
				CODE_SIGN_STYLE = Automatic;
				DEVELOPMENT_TEAM = V4K9VFZ6Y7;
				INFOPLIST_FILE = SceneKitBook/Info.plist;
				IPHONEOS_DEPLOYMENT_TARGET = 10.3;
				LD_RUNPATH_SEARCH_PATHS = "$(inherited) @executable_path/Frameworks";
				PRODUCT_BUNDLE_IDENTIFIER = com.otbivnoe.SceneKitBook;
				PRODUCT_NAME = "$(TARGET_NAME)";
				PROVISIONING_PROFILE = "";
				PROVISIONING_PROFILE_SPECIFIER = "";
				SWIFT_VERSION = 4.0;
				TARGETED_DEVICE_FAMILY = "1,2";
			};
			name = Debug;
		};
		84D714AD1F230C61002E2B25 /* Release */ = {
			isa = XCBuildConfiguration;
			buildSettings = {
				ASSETCATALOG_COMPILER_APPICON_NAME = AppIcon;
				"CODE_SIGN_IDENTITY[sdk=iphoneos*]" = "iPhone Developer";
				CODE_SIGN_STYLE = Automatic;
				DEVELOPMENT_TEAM = V4K9VFZ6Y7;
				INFOPLIST_FILE = SceneKitBook/Info.plist;
				IPHONEOS_DEPLOYMENT_TARGET = 10.3;
				LD_RUNPATH_SEARCH_PATHS = "$(inherited) @executable_path/Frameworks";
				PRODUCT_BUNDLE_IDENTIFIER = com.otbivnoe.SceneKitBook;
				PRODUCT_NAME = "$(TARGET_NAME)";
				PROVISIONING_PROFILE = "";
				PROVISIONING_PROFILE_SPECIFIER = "";
				SWIFT_VERSION = 4.0;
				TARGETED_DEVICE_FAMILY = "1,2";
			};
			name = Release;
		};
/* End XCBuildConfiguration section */

/* Begin XCConfigurationList section */
		84D714921F230C60002E2B25 /* Build configuration list for PBXProject "SceneKitBook" */ = {
			isa = XCConfigurationList;
			buildConfigurations = (
				84D714A91F230C61002E2B25 /* Debug */,
				84D714AA1F230C61002E2B25 /* Release */,
			);
			defaultConfigurationIsVisible = 0;
			defaultConfigurationName = Release;
		};
		84D714AB1F230C61002E2B25 /* Build configuration list for PBXNativeTarget "SceneKitBook" */ = {
			isa = XCConfigurationList;
			buildConfigurations = (
				84D714AC1F230C61002E2B25 /* Debug */,
				84D714AD1F230C61002E2B25 /* Release */,
			);
			defaultConfigurationIsVisible = 0;
			defaultConfigurationName = Release;
		};
/* End XCConfigurationList section */
	};
	rootObject = 84D7148F1F230C60002E2B25 /* Project object */;
}
